
Microsoft Visual Studio Solution File, Format Version 12.00
# Visual Studio Version 16
VisualStudioVersion = 16.0.29609.76
MinimumVisualStudioVersion = 10.0.40219.1
Project("{FAE04EC0-301F-11D3-BF4B-00C04F79EFBC}") = "firstDemo", "firstDemo\firstDemo.csproj", "{97724F3C-BC79-4400-9A72-CB9265D6E7D7}"
EndProject
Global
	GlobalSection(SolutionConfigurationPlatforms) = preSolution
		Debug|Any CPU = Debug|Any CPU
		Release|Any CPU = Release|Any CPU
	EndGlobalSection
	GlobalSection(ProjectConfigurationPlatforms) = postSolution
		{97724F3C-BC79-4400-9A72-CB9265D6E7D7}.Debug|Any CPU.ActiveCfg = Debug|Any CPU
		{97724F3C-BC79-4400-9A72-CB9265D6E7D7}.Debug|Any CPU.Build.0 = Debug|Any CPU
		{97724F3C-BC79-4400-9A72-CB9265D6E7D7}.Release|Any CPU.ActiveCfg = Release|Any CPU
		{97724F3C-BC79-4400-9A72-CB9265D6E7D7}.Release|Any CPU.Build.0 = Release|Any CPU
	EndGlobalSection
	GlobalSection(SolutionProperties) = preSolution
		HideSolutionNode = FALSE
	EndGlobalSection
	GlobalSection(ExtensibilityGlobals) = postSolution
		SolutionGuid = {73AC5A48-DF21-47F8-B380-7DA5AFE041AF}
	EndGlobalSection
EndGlobal
